// !$*UTF8*$!
{
	archiveVersion = 1;
	classes = {
	};
	objectVersion = 46;
	objects = {

/* Begin PBXBuildFile section */
		379ED42118D5EC7B002DFCB3 /* Foundation.framework in Frameworks */ = {isa = PBXBuildFile; fileRef = 379ED42018D5EC7B002DFCB3 /* Foundation.framework */; };
		379ED42318D5EC7B002DFCB3 /* CoreGraphics.framework in Frameworks */ = {isa = PBXBuildFile; fileRef = 379ED42218D5EC7B002DFCB3 /* CoreGraphics.framework */; };
		379ED42518D5EC7B002DFCB3 /* UIKit.framework in Frameworks */ = {isa = PBXBuildFile; fileRef = 379ED42418D5EC7B002DFCB3 /* UIKit.framework */; };
		379ED42B18D5EC7B002DFCB3 /* InfoPlist.strings in Resources */ = {isa = PBXBuildFile; fileRef = 379ED42918D5EC7B002DFCB3 /* InfoPlist.strings */; };
		379ED42D18D5EC7B002DFCB3 /* main.m in Sources */ = {isa = PBXBuildFile; fileRef = 379ED42C18D5EC7B002DFCB3 /* main.m */; };
		379ED43118D5EC7B002DFCB3 /* AppDelegate.m in Sources */ = {isa = PBXBuildFile; fileRef = 379ED43018D5EC7B002DFCB3 /* AppDelegate.m */; };
		379ED43418D5EC7B002DFCB3 /* Main.storyboard in Resources */ = {isa = PBXBuildFile; fileRef = 379ED43218D5EC7B002DFCB3 /* Main.storyboard */; };
		379ED43718D5EC7B002DFCB3 /* ViewController.m in Sources */ = {isa = PBXBuildFile; fileRef = 379ED43618D5EC7B002DFCB3 /* ViewController.m */; };
		379ED43918D5EC7B002DFCB3 /* Images.xcassets in Resources */ = {isa = PBXBuildFile; fileRef = 379ED43818D5EC7B002DFCB3 /* Images.xcassets */; };
		379ED45618D5ECB5002DFCB3 /* SpriteKit.framework in Frameworks */ = {isa = PBXBuildFile; fileRef = 379ED45518D5ECB5002DFCB3 /* SpriteKit.framework */; };
		379ED45918D5F1BC002DFCB3 /* StartScene.m in Sources */ = {isa = PBXBuildFile; fileRef = 379ED45818D5F1BC002DFCB3 /* StartScene.m */; };
/* End PBXBuildFile section */

/* Begin PBXFileReference section */
		379ED41D18D5EC7B002DFCB3 /* SoNotFlappyBird.app */ = {isa = PBXFileReference; explicitFileType = wrapper.application; includeInIndex = 0; path = SoNotFlappyBird.app; sourceTree = BUILT_PRODUCTS_DIR; };
		379ED42018D5EC7B002DFCB3 /* Foundation.framework */ = {isa = PBXFileReference; lastKnownFileType = wrapper.framework; name = Foundation.framework; path = System/Library/Frameworks/Foundation.framework; sourceTree = SDKROOT; };
		379ED42218D5EC7B002DFCB3 /* CoreGraphics.framework */ = {isa = PBXFileReference; lastKnownFileType = wrapper.framework; name = CoreGraphics.framework; path = System/Library/Frameworks/CoreGraphics.framework; sourceTree = SDKROOT; };
		379ED42418D5EC7B002DFCB3 /* UIKit.framework */ = {isa = PBXFileReference; lastKnownFileType = wrapper.framework; name = UIKit.framework; path = System/Library/Frameworks/UIKit.framework; sourceTree = SDKROOT; };
		379ED42818D5EC7B002DFCB3 /* SoNotFlappyBird-Info.plist */ = {isa = PBXFileReference; lastKnownFileType = text.plist.xml; path = "SoNotFlappyBird-Info.plist"; sourceTree = "<group>"; };
		379ED42A18D5EC7B002DFCB3 /* en */ = {isa = PBXFileReference; lastKnownFileType = text.plist.strings; name = en; path = en.lproj/InfoPlist.strings; sourceTree = "<group>"; };
		379ED42C18D5EC7B002DFCB3 /* main.m */ = {isa = PBXFileReference; lastKnownFileType = sourcecode.c.objc; path = main.m; sourceTree = "<group>"; };
		379ED42E18D5EC7B002DFCB3 /* SoNotFlappyBird-Prefix.pch */ = {isa = PBXFileReference; lastKnownFileType = sourcecode.c.h; path = "SoNotFlappyBird-Prefix.pch"; sourceTree = "<group>"; };
		379ED42F18D5EC7B002DFCB3 /* AppDelegate.h */ = {isa = PBXFileReference; lastKnownFileType = sourcecode.c.h; path = AppDelegate.h; sourceTree = "<group>"; };
		379ED43018D5EC7B002DFCB3 /* AppDelegate.m */ = {isa = PBXFileReference; lastKnownFileType = sourcecode.c.objc; path = AppDelegate.m; sourceTree = "<group>"; };
		379ED43318D5EC7B002DFCB3 /* Base */ = {isa = PBXFileReference; lastKnownFileType = file.storyboard; name = Base; path = Base.lproj/Main.storyboard; sourceTree = "<group>"; };
		379ED43518D5EC7B002DFCB3 /* ViewController.h */ = {isa = PBXFileReference; lastKnownFileType = sourcecode.c.h; path = ViewController.h; sourceTree = "<group>"; };
		379ED43618D5EC7B002DFCB3 /* ViewController.m */ = {isa = PBXFileReference; lastKnownFileType = sourcecode.c.objc; path = ViewController.m; sourceTree = "<group>"; };
		379ED43818D5EC7B002DFCB3 /* Images.xcassets */ = {isa = PBXFileReference; lastKnownFileType = folder.assetcatalog; path = Images.xcassets; sourceTree = "<group>"; };
		379ED43F18D5EC7B002DFCB3 /* XCTest.framework */ = {isa = PBXFileReference; lastKnownFileType = wrapper.framework; name = XCTest.framework; path = Library/Frameworks/XCTest.framework; sourceTree = DEVELOPER_DIR; };
		379ED45518D5ECB5002DFCB3 /* SpriteKit.framework */ = {isa = PBXFileReference; lastKnownFileType = wrapper.framework; name = SpriteKit.framework; path = System/Library/Frameworks/SpriteKit.framework; sourceTree = SDKROOT; };
		379ED45718D5F1BC002DFCB3 /* StartScene.h */ = {isa = PBXFileReference; fileEncoding = 4; lastKnownFileType = sourcecode.c.h; path = StartScene.h; sourceTree = "<group>"; };
		379ED45818D5F1BC002DFCB3 /* StartScene.m */ = {isa = PBXFileReference; fileEncoding = 4; lastKnownFileType = sourcecode.c.objc; path = StartScene.m; sourceTree = "<group>"; };
/* End PBXFileReference section */

/* Begin PBXFrameworksBuildPhase section */
		379ED41A18D5EC7B002DFCB3 /* Frameworks */ = {
			isa = PBXFrameworksBuildPhase;
			buildActionMask = 2147483647;
			files = (
				379ED45618D5ECB5002DFCB3 /* SpriteKit.framework in Frameworks */,
				379ED42318D5EC7B002DFCB3 /* CoreGraphics.framework in Frameworks */,
				379ED42518D5EC7B002DFCB3 /* UIKit.framework in Frameworks */,
				379ED42118D5EC7B002DFCB3 /* Foundation.framework in Frameworks */,
			);
			runOnlyForDeploymentPostprocessing = 0;
		};
/* End PBXFrameworksBuildPhase section */

/* Begin PBXGroup section */
		379ED41418D5EC7B002DFCB3 = {
			isa = PBXGroup;
			children = (
				379ED42618D5EC7B002DFCB3 /* SoNotFlappyBird */,
				379ED41F18D5EC7B002DFCB3 /* Frameworks */,
				379ED41E18D5EC7B002DFCB3 /* Products */,
			);
			sourceTree = "<group>";
		};
		379ED41E18D5EC7B002DFCB3 /* Products */ = {
			isa = PBXGroup;
			children = (
				379ED41D18D5EC7B002DFCB3 /* SoNotFlappyBird.app */,
			);
			name = Products;
			sourceTree = "<group>";
		};
		379ED41F18D5EC7B002DFCB3 /* Frameworks */ = {
			isa = PBXGroup;
			children = (
				379ED45518D5ECB5002DFCB3 /* SpriteKit.framework */,
				379ED42018D5EC7B002DFCB3 /* Foundation.framework */,
				379ED42218D5EC7B002DFCB3 /* CoreGraphics.framework */,
				379ED42418D5EC7B002DFCB3 /* UIKit.framework */,
				379ED43F18D5EC7B002DFCB3 /* XCTest.framework */,
			);
			name = Frameworks;
			sourceTree = "<group>";
		};
		379ED42618D5EC7B002DFCB3 /* SoNotFlappyBird */ = {
			isa = PBXGroup;
			children = (
				379ED42F18D5EC7B002DFCB3 /* AppDelegate.h */,
				379ED43018D5EC7B002DFCB3 /* AppDelegate.m */,
				379ED43218D5EC7B002DFCB3 /* Main.storyboard */,
				379ED43518D5EC7B002DFCB3 /* ViewController.h */,
				379ED43618D5EC7B002DFCB3 /* ViewController.m */,
				379ED45718D5F1BC002DFCB3 /* StartScene.h */,
				379ED45818D5F1BC002DFCB3 /* StartScene.m */,
				379ED43818D5EC7B002DFCB3 /* Images.xcassets */,
				379ED42718D5EC7B002DFCB3 /* Supporting Files */,
			);
			path = SoNotFlappyBird;
			sourceTree = "<group>";
		};
		379ED42718D5EC7B002DFCB3 /* Supporting Files */ = {
			isa = PBXGroup;
			children = (
				379ED42818D5EC7B002DFCB3 /* SoNotFlappyBird-Info.plist */,
				379ED42918D5EC7B002DFCB3 /* InfoPlist.strings */,
				379ED42C18D5EC7B002DFCB3 /* main.m */,
				379ED42E18D5EC7B002DFCB3 /* SoNotFlappyBird-Prefix.pch */,
			);
			name = "Supporting Files";
			sourceTree = "<group>";
		};
/* End PBXGroup section */

/* Begin PBXNativeTarget section */
		379ED41C18D5EC7B002DFCB3 /* SoNotFlappyBird */ = {
			isa = PBXNativeTarget;
			buildConfigurationList = 379ED44F18D5EC7B002DFCB3 /* Build configuration list for PBXNativeTarget "SoNotFlappyBird" */;
			buildPhases = (
				379ED41918D5EC7B002DFCB3 /* Sources */,
				379ED41A18D5EC7B002DFCB3 /* Frameworks */,
				379ED41B18D5EC7B002DFCB3 /* Resources */,
			);
			buildRules = (
			);
			dependencies = (
			);
			name = SoNotFlappyBird;
			productName = SoNotFlappyBird;
			productReference = 379ED41D18D5EC7B002DFCB3 /* SoNotFlappyBird.app */;
			productType = "com.apple.product-type.application";
		};
/* End PBXNativeTarget section */

/* Begin PBXProject section */
		379ED41518D5EC7B002DFCB3 /* Project object */ = {
			isa = PBXProject;
			attributes = {
				LastUpgradeCheck = 0510;
				ORGANIZATIONNAME = "Daniel Duan";
			};
			buildConfigurationList = 379ED41818D5EC7B002DFCB3 /* Build configuration list for PBXProject "SoNotFlappyBird" */;
			compatibilityVersion = "Xcode 3.2";
			developmentRegion = English;
			hasScannedForEncodings = 0;
			knownRegions = (
				en,
				Base,
			);
			mainGroup = 379ED41418D5EC7B002DFCB3;
			productRefGroup = 379ED41E18D5EC7B002DFCB3 /* Products */;
			projectDirPath = "";
			projectRoot = "";
			targets = (
				379ED41C18D5EC7B002DFCB3 /* SoNotFlappyBird */,
			);
		};
/* End PBXProject section */

/* Begin PBXResourcesBuildPhase section */
		379ED41B18D5EC7B002DFCB3 /* Resources */ = {
			isa = PBXResourcesBuildPhase;
			buildActionMask = 2147483647;
			files = (
				379ED43918D5EC7B002DFCB3 /* Images.xcassets in Resources */,
				379ED42B18D5EC7B002DFCB3 /* InfoPlist.strings in Resources */,
				379ED43418D5EC7B002DFCB3 /* Main.storyboard in Resources */,
			);
			runOnlyForDeploymentPostprocessing = 0;
		};
/* End PBXResourcesBuildPhase section */

/* Begin PBXSourcesBuildPhase section */
		379ED41918D5EC7B002DFCB3 /* Sources */ = {
			isa = PBXSourcesBuildPhase;
			buildActionMask = 2147483647;
			files = (
				379ED43718D5EC7B002DFCB3 /* ViewController.m in Sources */,
				379ED43118D5EC7B002DFCB3 /* AppDelegate.m in Sources */,
				379ED42D18D5EC7B002DFCB3 /* main.m in Sources */,
				379ED45918D5F1BC002DFCB3 /* StartScene.m in Sources */,
			);
			runOnlyForDeploymentPostprocessing = 0;
		};
/* End PBXSourcesBuildPhase section */

/* Begin PBXVariantGroup section */
		379ED42918D5EC7B002DFCB3 /* InfoPlist.strings */ = {
			isa = PBXVariantGroup;
			children = (
				379ED42A18D5EC7B002DFCB3 /* en */,
			);
			name = InfoPlist.strings;
			sourceTree = "<group>";
		};
		379ED43218D5EC7B002DFCB3 /* Main.storyboard */ = {
			isa = PBXVariantGroup;
			children = (
				379ED43318D5EC7B002DFCB3 /* Base */,
			);
			name = Main.storyboard;
			sourceTree = "<group>";
		};
/* End PBXVariantGroup section */

/* Begin XCBuildConfiguration section */
		379ED44D18D5EC7B002DFCB3 /* Debug */ = {
			isa = XCBuildConfiguration;
			buildSettings = {
				ALWAYS_SEARCH_USER_PATHS = NO;
				CLANG_CXX_LANGUAGE_STANDARD = "gnu++0x";
				CLANG_CXX_LIBRARY = "libc++";
				CLANG_ENABLE_MODULES = YES;
				CLANG_ENABLE_OBJC_ARC = YES;
				CLANG_WARN_BOOL_CONVERSION = YES;
				CLANG_WARN_CONSTANT_CONVERSION = YES;
				CLANG_WARN_DIRECT_OBJC_ISA_USAGE = YES_ERROR;
				CLANG_WARN_EMPTY_BODY = YES;
				CLANG_WARN_ENUM_CONVERSION = YES;
				CLANG_WARN_INT_CONVERSION = YES;
				CLANG_WARN_OBJC_ROOT_CLASS = YES_ERROR;
				CLANG_WARN__DUPLICATE_METHOD_MATCH = YES;
				"CODE_SIGN_IDENTITY[sdk=iphoneos*]" = "iPhone Developer";
				COPY_PHASE_STRIP = NO;
				GCC_C_LANGUAGE_STANDARD = gnu99;
				GCC_DYNAMIC_NO_PIC = NO;
				GCC_OPTIMIZATION_LEVEL = 0;
				GCC_PREPROCESSOR_DEFINITIONS = (
					"DEBUG=1",
					"$(inherited)",
				);
				GCC_SYMBOLS_PRIVATE_EXTERN = NO;
				GCC_WARN_64_TO_32_BIT_CONVERSION = YES;
				GCC_WARN_ABOUT_RETURN_TYPE = YES_ERROR;
				GCC_WARN_UNDECLARED_SELECTOR = YES;
				GCC_WARN_UNINITIALIZED_AUTOS = YES;
				GCC_WARN_UNUSED_FUNCTION = YES;
				GCC_WARN_UNUSED_VARIABLE = YES;
				IPHONEOS_DEPLOYMENT_TARGET = 7.0;
				ONLY_ACTIVE_ARCH = YES;
				SDKROOT = iphoneos;
			};
			name = Debug;
		};
		379ED44E18D5EC7B002DFCB3 /* Release */ = {
			isa = XCBuildConfiguration;
			buildSettings = {
				ALWAYS_SEARCH_USER_PATHS = NO;
				CLANG_CXX_LANGUAGE_STANDARD = "gnu++0x";
				CLANG_CXX_LIBRARY = "libc++";
				CLANG_ENABLE_MODULES = YES;
				CLANG_ENABLE_OBJC_ARC = YES;
				CLANG_WARN_BOOL_CONVERSION = YES;
				CLANG_WARN_CONSTANT_CONVERSION = YES;
				CLANG_WARN_DIRECT_OBJC_ISA_USAGE = YES_ERROR;
				CLANG_WARN_EMPTY_BODY = YES;
				CLANG_WARN_ENUM_CONVERSION = YES;
				CLANG_WARN_INT_CONVERSION = YES;
				CLANG_WARN_OBJC_ROOT_CLASS = YES_ERROR;
				CLANG_WARN__DUPLICATE_METHOD_MATCH = YES;
				"CODE_SIGN_IDENTITY[sdk=iphoneos*]" = "iPhone Developer";
				COPY_PHASE_STRIP = YES;
				ENABLE_NS_ASSERTIONS = NO;
				GCC_C_LANGUAGE_STANDARD = gnu99;
				GCC_WARN_64_TO_32_BIT_CONVERSION = YES;
				GCC_WARN_ABOUT_RETURN_TYPE = YES_ERROR;
				GCC_WARN_UNDECLARED_SELECTOR = YES;
				GCC_WARN_UNINITIALIZED_AUTOS = YES;
				GCC_WARN_UNUSED_FUNCTION = YES;
				GCC_WARN_UNUSED_VARIABLE = YES;
				IPHONEOS_DEPLOYMENT_TARGET = 7.0;
				SDKROOT = iphoneos;
				VALIDATE_PRODUCT = YES;
			};
			name = Release;
		};
		379ED45018D5EC7B002DFCB3 /* Debug */ = {
			isa = XCBuildConfiguration;
			buildSettings = {
				ASSETCATALOG_COMPILER_APPICON_NAME = AppIcon;
				ASSETCATALOG_COMPILER_LAUNCHIMAGE_NAME = LaunchImage;
				GCC_PRECOMPILE_PREFIX_HEADER = YES;
				GCC_PREFIX_HEADER = "SoNotFlappyBird/SoNotFlappyBird-Prefix.pch";
				INFOPLIST_FILE = "SoNotFlappyBird/SoNotFlappyBird-Info.plist";
				PRODUCT_NAME = "$(TARGET_NAME)";
				WRAPPER_EXTENSION = app;
			};
			name = Debug;
		};
		379ED45118D5EC7B002DFCB3 /* Release */ = {
			isa = XCBuildConfiguration;
			buildSettings = {
				ASSETCATALOG_COMPILER_APPICON_NAME = AppIcon;
				ASSETCATALOG_COMPILER_LAUNCHIMAGE_NAME = LaunchImage;
				GCC_PRECOMPILE_PREFIX_HEADER = YES;
				GCC_PREFIX_HEADER = "SoNotFlappyBird/SoNotFlappyBird-Prefix.pch";
				INFOPLIST_FILE = "SoNotFlappyBird/SoNotFlappyBird-Info.plist";
				PRODUCT_NAME = "$(TARGET_NAME)";
				WRAPPER_EXTENSION = app;
			};
			name = Release;
		};
/* End XCBuildConfiguration section */

/* Begin XCConfigurationList section */
		379ED41818D5EC7B002DFCB3 /* Build configuration list for PBXProject "SoNotFlappyBird" */ = {
			isa = XCConfigurationList;
			buildConfigurations = (
				379ED44D18D5EC7B002DFCB3 /* Debug */,
				379ED44E18D5EC7B002DFCB3 /* Release */,
			);
			defaultConfigurationIsVisible = 0;
			defaultConfigurationName = Release;
		};
		379ED44F18D5EC7B002DFCB3 /* Build configuration list for PBXNativeTarget "SoNotFlappyBird" */ = {
			isa = XCConfigurationList;
			buildConfigurations = (
				379ED45018D5EC7B002DFCB3 /* Debug */,
				379ED45118D5EC7B002DFCB3 /* Release */,
			);
			defaultConfigurationIsVisible = 0;
			defaultConfigurationName = Release;
		};
/* End XCConfigurationList section */
	};
	rootObject = 379ED41518D5EC7B002DFCB3 /* Project object */;
}
